<?xml version="1.0" encoding="utf-8"?>
<Project ToolsVersion="4.0" xmlns="http://schemas.microsoft.com/developer/msbuild/2003">
  <ItemGroup>
    <Filter Include="源文件">
      <UniqueIdentifier>{4FC737F1-C7A5-4376-A066-2A32D752A2FF}</UniqueIdentifier>
      <Extensions>cpp;c;cc;cxx;def;odl;idl;hpj;bat;asm;asmx</Extensions>
    </Filter>
    <Filter Include="头文件">
      <UniqueIdentifier>{93995380-89BD-4b04-88EB-625FBE52EBFB}</UniqueIdentifier>
      <Extensions>h;hh;hpp;hxx;hm;inl;inc;xsd</Extensions>
    </Filter>
    <Filter Include="资源文件">
      <UniqueIdentifier>{67DA6AB6-F800-4c08-8B7A-83BB121AAD01}</UniqueIdentifier>
      <Extensions>rc;ico;cur;bmp;dlg;rc2;rct;bin;rgs;gif;jpg;jpeg;jpe;resx;tiff;tif;png;wav;mfcribbon-ms</Extensions>
    </Filter>
  </ItemGroup>
  <ItemGroup>
    <ClCompile Include="1202%281%29.cpp">
      <Filter>源文件</Filter>
    </ClCompile>
    <ClCompile Include="1061%282%29.cpp">
      <Filter>源文件</Filter>
    </ClCompile>
    <ClCompile Include="1185%283%29.cpp">
      <Filter>源文件</Filter>
    </ClCompile>
    <ClCompile Include="1023%284%29.cpp">
      <Filter>源文件</Filter>
    </ClCompile>
    <ClCompile Include="1054(5).cpp">
      <Filter>源文件</Filter>
    </ClCompile>
    <ClCompile Include="1096(6).cpp">
      <Filter>源文件</Filter>
    </ClCompile>
    <ClCompile Include="1043(7).cpp">
      <Filter>源文件</Filter>
    </ClCompile>
    <ClCompile Include="1070(8).cpp">
      <Filter>源文件</Filter>
    </ClCompile>
    <ClCompile Include="1186(9).cpp">
      <Filter>源文件</Filter>
    </ClCompile>
    <ClCompile Include="1018(10).cpp">
      <Filter>源文件</Filter>
    </ClCompile>
    <ClCompile Include="1431(11).cpp">
      <Filter>源文件</Filter>
    </ClCompile>
    <ClCompile Include="1156(12).cpp">
      <Filter>源文件</Filter>
    </ClCompile>
    <ClCompile Include="1088(13).cpp">
      <Filter>源文件</Filter>
    </ClCompile>
    <ClCompile Include="1065(14).cpp">
      <Filter>源文件</Filter>
    </ClCompile>
    <ClCompile Include="1432(15).cpp">
      <Filter>源文件</Filter>
    </ClCompile>
    <ClCompile Include="1161(16).cpp">
      <Filter>源文件</Filter>
    </ClCompile>
    <ClCompile Include="1052(17).cpp">
      <Filter>源文件</Filter>
    </ClCompile>
    <ClCompile Include="1069(18).cpp">
      <Filter>源文件</Filter>
    </ClCompile>
    <ClCompile Include="1126(19).cpp">
      <Filter>源文件</Filter>
    </ClCompile>
    <ClCompile Include="1173(20).cpp">
      <Filter>源文件</Filter>
    </ClCompile>
    <ClCompile Include="1433(21).cpp">
      <Filter>源文件</Filter>
    </ClCompile>
    <ClCompile Include="1434(22).cpp">
      <Filter>源文件</Filter>
    </ClCompile>
    <ClCompile Include="1435(23).cpp">
      <Filter>源文件</Filter>
    </ClCompile>
    <ClCompile Include="1436(24).cpp">
      <Filter>源文件</Filter>
    </ClCompile>
    <ClCompile Include="1437%2825%29%28unresolved%29.cpp">
      <Filter>源文件</Filter>
    </ClCompile>
    <ClCompile Include="1153(26).cpp">
      <Filter>源文件</Filter>
    </ClCompile>
    <ClCompile Include="1019(27).cpp">
      <Filter>源文件</Filter>
    </ClCompile>
    <ClCompile Include="1108(28).cpp">
      <Filter>源文件</Filter>
    </ClCompile>
    <ClCompile Include="1101(29).cpp">
      <Filter>源文件</Filter>
    </ClCompile>
    <ClCompile Include="1172(30).cpp">
      <Filter>源文件</Filter>
    </ClCompile>
    <ClCompile Include="1107(31).cpp">
      <Filter>源文件</Filter>
    </ClCompile>
    <ClCompile Include="1078(32).cpp">
      <Filter>源文件</Filter>
    </ClCompile>
    <ClCompile Include="1113(33).cpp">
      <Filter>源文件</Filter>
    </ClCompile>
    <ClCompile Include="1176(34).cpp">
      <Filter>源文件</Filter>
    </ClCompile>
    <ClCompile Include="1201(35).cpp">
      <Filter>源文件</Filter>
    </ClCompile>
    <ClCompile Include="1009(36).cpp">
      <Filter>源文件</Filter>
    </ClCompile>
    <ClCompile Include="1015(37).cpp">
      <Filter>源文件</Filter>
    </ClCompile>
    <ClCompile Include="1183(38).cpp">
      <Filter>源文件</Filter>
    </ClCompile>
    <ClCompile Include="1083(39).cpp">
      <Filter>源文件</Filter>
    </ClCompile>
    <ClCompile Include="1064(40).cpp">
      <Filter>源文件</Filter>
    </ClCompile>
    <ClCompile Include="1074(41).cpp">
      <Filter>源文件</Filter>
    </ClCompile>
    <ClCompile Include="1124(42).cpp">
      <Filter>源文件</Filter>
    </ClCompile>
    <ClCompile Include="1026(43).cpp">
      <Filter>源文件</Filter>
    </ClCompile>
    <ClCompile Include="1118(44).cpp">
      <Filter>源文件</Filter>
    </ClCompile>
    <ClCompile Include="1138(45).cpp">
      <Filter>源文件</Filter>
    </ClCompile>
    <ClCompile Include="1194(46).cpp">
      <Filter>源文件</Filter>
    </ClCompile>
    <ClCompile Include="1056(47).cpp">
      <Filter>源文件</Filter>
    </ClCompile>
    <ClCompile Include="1438(48).cpp">
      <Filter>源文件</Filter>
    </ClCompile>
    <ClCompile Include="1439%2849%29.cpp">
      <Filter>源文件</Filter>
    </ClCompile>
    <ClCompile Include="1047(50).cpp">
      <Filter>源文件</Filter>
    </ClCompile>
    <ClCompile Include="1163(51).cpp">
      <Filter>源文件</Filter>
    </ClCompile>
    <ClCompile Include="1040(52).cpp">
      <Filter>源文件</Filter>
    </ClCompile>
    <ClCompile Include="1440(53).cpp">
      <Filter>源文件</Filter>
    </ClCompile>
    <ClCompile Include="1207(54).cpp">
      <Filter>源文件</Filter>
    </ClCompile>
    <ClCompile Include="1104(55).cpp">
      <Filter>源文件</Filter>
    </ClCompile>
    <ClCompile Include="1087(56).cpp">
      <Filter>源文件</Filter>
    </ClCompile>
    <ClCompile Include="1441(57).cpp">
      <Filter>源文件</Filter>
    </ClCompile>
    <ClCompile Include="1442(58).cpp">
      <Filter>源文件</Filter>
    </ClCompile>
    <ClCompile Include="1443%2859%29%28unresolved%29.cpp">
      <Filter>源文件</Filter>
    </ClCompile>
    <ClCompile Include="1198(60).cpp">
      <Filter>源文件</Filter>
    </ClCompile>
    <ClCompile Include="1076(61).cpp">
      <Filter>源文件</Filter>
    </ClCompile>
    <ClCompile Include="1137(63).cpp">
      <Filter>源文件</Filter>
    </ClCompile>
    <ClCompile Include="1080%2862%29%28unsolved%29.cpp">
      <Filter>源文件</Filter>
    </ClCompile>
    <ClCompile Include="1190(64).cpp">
      <Filter>源文件</Filter>
    </ClCompile>
    <ClCompile Include="1208%2865%29%28unsolved%29.cpp">
      <Filter>源文件</Filter>
    </ClCompile>
    <ClCompile Include="1012(66).cpp">
      <Filter>源文件</Filter>
    </ClCompile>
    <ClCompile Include="1444(67).cpp">
      <Filter>源文件</Filter>
    </ClCompile>
    <ClCompile Include="1109(68).cpp">
      <Filter>源文件</Filter>
    </ClCompile>
    <ClCompile Include="1445(69).cpp">
      <Filter>源文件</Filter>
    </ClCompile>
    <ClCompile Include="1446%2870%29%28unresolved%29.cpp">
      <Filter>源文件</Filter>
    </ClCompile>
    <ClCompile Include="1017(71).cpp">
      <Filter>源文件</Filter>
    </ClCompile>
    <ClCompile Include="1144(72).cpp">
      <Filter>源文件</Filter>
    </ClCompile>
    <ClCompile Include="1154(73).cpp">
      <Filter>源文件</Filter>
    </ClCompile>
    <ClCompile Include="1024(74).cpp">
      <Filter>源文件</Filter>
    </ClCompile>
    <ClCompile Include="1028(75).cpp">
      <Filter>源文件</Filter>
    </ClCompile>
    <ClCompile Include="1447(76).cpp">
      <Filter>源文件</Filter>
    </ClCompile>
    <ClCompile Include="1008%2877%29.cpp">
      <Filter>源文件</Filter>
    </ClCompile>
    <ClCompile Include="1100%2878%29%28unsolved%29.cpp">
      <Filter>源文件</Filter>
    </ClCompile>
    <ClCompile Include="1162(79).cpp">
      <Filter>源文件</Filter>
    </ClCompile>
    <ClCompile Include="1448(80).cpp">
      <Filter>源文件</Filter>
    </ClCompile>
    <ClCompile Include="1449(81).cpp">
      <Filter>源文件</Filter>
    </ClCompile>
    <ClCompile Include="1450%2882%29%28unresolved%29.cpp">
      <Filter>源文件</Filter>
    </ClCompile>
    <ClCompile Include="1045(83).cpp">
      <Filter>源文件</Filter>
    </ClCompile>
    <ClCompile Include="1059(84).cpp">
      <Filter>源文件</Filter>
    </ClCompile>
    <ClCompile Include="1046(85).cpp">
      <Filter>源文件</Filter>
    </ClCompile>
    <ClCompile Include="1036.cpp">
      <Filter>源文件</Filter>
    </ClCompile>
    <ClCompile Include="1456(86).cpp">
      <Filter>源文件</Filter>
    </ClCompile>
    <ClCompile Include="1457%2887%29%28unresolved%29.cpp">
      <Filter>源文件</Filter>
    </ClCompile>
    <ClCompile Include="1458(88).cpp">
      <Filter>源文件</Filter>
    </ClCompile>
    <ClCompile Include="1459(89).cpp">
      <Filter>源文件</Filter>
    </ClCompile>
    <ClCompile Include="1460(90).cpp">
      <Filter>源文件</Filter>
    </ClCompile>
    <ClCompile Include="1120(91).cpp">
      <Filter>源文件</Filter>
    </ClCompile>
    <ClCompile Include="1461(92).cpp">
      <Filter>源文件</Filter>
    </ClCompile>
    <ClCompile Include="1205(93).cpp">
      <Filter>源文件</Filter>
    </ClCompile>
    <ClCompile Include="1451(94).cpp">
      <Filter>源文件</Filter>
    </ClCompile>
    <ClCompile Include="1122(95).cpp">
      <Filter>源文件</Filter>
    </ClCompile>
    <ClCompile Include="1112(96).cpp">
      <Filter>源文件</Filter>
    </ClCompile>
    <ClCompile Include="1131(97).cpp">
      <Filter>源文件</Filter>
    </ClCompile>
    <ClCompile Include="1042(98).cpp">
      <Filter>源文件</Filter>
    </ClCompile>
    <ClCompile Include="1452(99).cpp">
      <Filter>源文件</Filter>
    </ClCompile>
    <ClCompile Include="1453(100).cpp">
      <Filter>源文件</Filter>
    </ClCompile>
    <ClCompile Include="1123(101).cpp">
      <Filter>源文件</Filter>
    </ClCompile>
    <ClCompile Include="test.cpp">
      <Filter>源文件</Filter>
    </ClCompile>
    <ClCompile Include="1168(104).cpp">
      <Filter>源文件</Filter>
    </ClCompile>
    <ClCompile Include="1111%28105%29%28unsolved%29.cpp">
      <Filter>源文件</Filter>
    </ClCompile>
    <ClCompile Include="1049(106).cpp">
      <Filter>源文件</Filter>
    </ClCompile>
    <ClCompile Include="1473(北邮12).cpp">
      <Filter>源文件</Filter>
    </ClCompile>
    <ClCompile Include="1474(北邮12).cpp">
      <Filter>源文件</Filter>
    </ClCompile>
    <ClCompile Include="1467(北邮12).cpp">
      <Filter>源文件</Filter>
    </ClCompile>
    <ClCompile Include="1475%28北邮12%29.cpp">
      <Filter>源文件</Filter>
    </ClCompile>
    <ClCompile Include="1177(北邮11).cpp">
      <Filter>源文件</Filter>
    </ClCompile>
    <ClCompile Include="1384(offer3).cpp">
      <Filter>源文件</Filter>
    </ClCompile>
    <ClCompile Include="1178%28北邮12%29%28undo%29.cpp">
      <Filter>源文件</Filter>
    </ClCompile>
    <ClCompile Include="1510(offer4).cpp">
      <Filter>源文件</Filter>
    </ClCompile>
    <ClCompile Include="1511(offer5).cpp">
      <Filter>源文件</Filter>
    </ClCompile>
    <ClCompile Include="test2.cpp">
      <Filter>源文件</Filter>
    </ClCompile>
    <ClCompile Include="test3.cpp">
      <Filter>源文件</Filter>
    </ClCompile>
    <ClCompile Include="1385(offer6).cpp">
      <Filter>源文件</Filter>
    </ClCompile>
    <ClCompile Include="1512(offer7).cpp">
      <Filter>源文件</Filter>
    </ClCompile>
    <ClCompile Include="1386(offer8).cpp">
      <Filter>源文件</Filter>
    </ClCompile>
    <ClCompile Include="1387(offer9).cpp">
      <Filter>源文件</Filter>
    </ClCompile>
    <ClCompile Include="1388%28offer9%29%28变形%29.cpp">
      <Filter>源文件</Filter>
    </ClCompile>
    <ClCompile Include="1389(offer9)变形.cpp">
      <Filter>源文件</Filter>
    </ClCompile>
    <ClCompile Include="1390(offer9)(变形).cpp">
      <Filter>源文件</Filter>
    </ClCompile>
    <ClCompile Include="1513(offer10).cpp">
      <Filter>源文件</Filter>
    </ClCompile>
    <ClCompile Include="1514%28offer11%29.cpp">
      <Filter>源文件</Filter>
    </ClCompile>
    <ClCompile Include="1515(offer12).cpp">
      <Filter>源文件</Filter>
    </ClCompile>
    <ClCompile Include="1516(offer14).cpp">
      <Filter>源文件</Filter>
    </ClCompile>
    <ClCompile Include="1517(offer15).cpp">
      <Filter>源文件</Filter>
    </ClCompile>
    <ClCompile Include="1518(offer16).cpp">
      <Filter>源文件</Filter>
    </ClCompile>
    <ClCompile Include="1519(offer17).cpp">
      <Filter>源文件</Filter>
    </ClCompile>
    <ClCompile Include="1520(offer18).cpp">
      <Filter>源文件</Filter>
    </ClCompile>
    <ClCompile Include="1521(offer19).cpp">
      <Filter>源文件</Filter>
    </ClCompile>
    <ClCompile Include="1391(offer20).cpp">
      <Filter>源文件</Filter>
    </ClCompile>
    <ClCompile Include="1522(offer21).cpp">
      <Filter>源文件</Filter>
    </ClCompile>
    <ClCompile Include="1366(offer22).cpp">
      <Filter>源文件</Filter>
    </ClCompile>
    <ClCompile Include="test4.cpp">
      <Filter>源文件</Filter>
    </ClCompile>
    <ClCompile Include="test5.cpp">
      <Filter>源文件</Filter>
    </ClCompile>
  </ItemGroup>
</Project>